
Microsoft Visual Studio Solution File, Format Version 12.00
# Visual Studio 15
Project("{8BC9CEB8-8B4A-11D0-8D11-00A0C91BC942}") = "gmcl_discord_rpc", "gmcl_discord_rpc.vcxproj", "{53E271A0-3FDB-90F2-680D-7677546570FE}"
EndProject
Global
	GlobalSection(SolutionConfigurationPlatforms) = preSolution
		Debug|Win32 = Debug|Win32
		Release|Win32 = Release|Win32
	EndGlobalSection
	GlobalSection(ProjectConfigurationPlatforms) = postSolution
		{53E271A0-3FDB-90F2-680D-7677546570FE}.Debug|Win32.ActiveCfg = Debug|Win32
		{53E271A0-3FDB-90F2-680D-7677546570FE}.Debug|Win32.Build.0 = Debug|Win32
		{53E271A0-3FDB-90F2-680D-7677546570FE}.Release|Win32.ActiveCfg = Release|Win32
		{53E271A0-3FDB-90F2-680D-7677546570FE}.Release|Win32.Build.0 = Release|Win32
	EndGlobalSection
	GlobalSection(SolutionProperties) = preSolution
		HideSolutionNode = FALSE
	EndGlobalSection
EndGlobal
